
Microsoft Visual Studio Solution File, Format Version 12.00
# Visual Studio 15
VisualStudioVersion = 15.0.26730.12
MinimumVisualStudioVersion = 10.0.40219.1
Project("{8BC9CEB8-8B4A-11D0-8D11-00A0C91BC942}") = "1.two sum", "1.two sum\1.two sum.vcxproj", "{994C9D54-2A04-481B-85D6-4749F612F32C}"
EndProject
Global
	GlobalSection(SolutionConfigurationPlatforms) = preSolution
		Debug|x64 = Debug|x64
		Debug|x86 = Debug|x86
		Release|x64 = Release|x64
		Release|x86 = Release|x86
	EndGlobalSection
	GlobalSection(ProjectConfigurationPlatforms) = postSolution
		{994C9D54-2A04-481B-85D6-4749F612F32C}.Debug|x64.ActiveCfg = Debug|x64
		{994C9D54-2A04-481B-85D6-4749F612F32C}.Debug|x64.Build.0 = Debug|x64
		{994C9D54-2A04-481B-85D6-4749F612F32C}.Debug|x86.ActiveCfg = Debug|Win32
		{994C9D54-2A04-481B-85D6-4749F612F32C}.Debug|x86.Build.0 = Debug|Win32
		{994C9D54-2A04-481B-85D6-4749F612F32C}.Release|x64.ActiveCfg = Release|x64
		{994C9D54-2A04-481B-85D6-4749F612F32C}.Release|x64.Build.0 = Release|x64
		{994C9D54-2A04-481B-85D6-4749F612F32C}.Release|x86.ActiveCfg = Release|Win32
		{994C9D54-2A04-481B-85D6-4749F612F32C}.Release|x86.Build.0 = Release|Win32
	EndGlobalSection
	GlobalSection(SolutionProperties) = preSolution
		HideSolutionNode = FALSE
	EndGlobalSection
	GlobalSection(ExtensibilityGlobals) = postSolution
		SolutionGuid = {83CB04A2-150E-46A3-8F3A-8F88A8C84CAB}
	EndGlobalSection
EndGlobal
