
Microsoft Visual Studio Solution File, Format Version 12.00
# Visual Studio 15
VisualStudioVersion = 15.0.26730.12
MinimumVisualStudioVersion = 10.0.40219.1
Project("{8BC9CEB8-8B4A-11D0-8D11-00A0C91BC942}") = "1.twosum", "LeetCode\LeetCode.vcxproj", "{ADCE9525-869C-4CA1-86A8-85D83E31ABE6}"
EndProject
Project("{8BC9CEB8-8B4A-11D0-8D11-00A0C91BC942}") = "2.addtwonumber", "2.addtwonumber\2.addtwonumber.vcxproj", "{82E84FF3-6CE5-4AB8-8CB0-38D35BF4D17C}"
EndProject
Project("{8BC9CEB8-8B4A-11D0-8D11-00A0C91BC942}") = "3Longest Substring Without Repeating Characters", "3Longest Substring Without Repeating Characters\3Longest Substring Without Repeating Characters.vcxproj", "{B48B566C-0F38-4E95-8459-27B0FEC724B2}"
EndProject
Project("{8BC9CEB8-8B4A-11D0-8D11-00A0C91BC942}") = "4. Median of Two Sorted Arrays", "4. Median of Two Sorted Arrays\4. Median of Two Sorted Arrays.vcxproj", "{D629EE4E-D77A-46CA-9CF0-1856A470679C}"
EndProject
Project("{8BC9CEB8-8B4A-11D0-8D11-00A0C91BC942}") = "350.Intersection of Two Arrays II", "350.Intersection of Two Arrays II\350.Intersection of Two Arrays II.vcxproj", "{82C4DF0D-3CA3-44EF-B744-CC91F65F6C18}"
EndProject
Project("{8BC9CEB8-8B4A-11D0-8D11-00A0C91BC942}") = "242.Valid Anagram", "Valid Anagram\Valid Anagram.vcxproj", "{CEFC0296-EAF4-4CB6-AA64-63913DB35871}"
EndProject
Project("{8BC9CEB8-8B4A-11D0-8D11-00A0C91BC942}") = "324.Wiggle Sort II", "324.Wiggle Sort II\324.Wiggle Sort II.vcxproj", "{376288DF-E1DC-4207-AAEF-294379ED1C32}"
EndProject
Project("{8BC9CEB8-8B4A-11D0-8D11-00A0C91BC942}") = "88.Merge Sorted Array", "88.Merge Sorted Array\88.Merge Sorted Array.vcxproj", "{D5089974-14B8-4821-99CA-159767B510AA}"
EndProject
Project("{8BC9CEB8-8B4A-11D0-8D11-00A0C91BC942}") = "56.Merge Intervals", "56.Merge Intervals\56.Merge Intervals.vcxproj", "{EDFBB735-89A9-4D29-8512-05DAAF5355F7}"
EndProject
Project("{8BC9CEB8-8B4A-11D0-8D11-00A0C91BC942}") = "717.1-bit and 2-bit Characters", "717.1-bit and 2-bit Characters\717.1-bit and 2-bit Characters.vcxproj", "{09602E09-3FE1-44C4-8F0E-524ADBD0DFA5}"
EndProject
Project("{8BC9CEB8-8B4A-11D0-8D11-00A0C91BC942}") = "274.H-Index", "274.H-Index\274.H-Index.vcxproj", "{40229868-D625-4B6B-99A4-F77B8673B90F}"
EndProject
Project("{8BC9CEB8-8B4A-11D0-8D11-00A0C91BC942}") = "303.Range Sum Query - Immutable", "303.Range Sum Query - Immutable\303.Range Sum Query - Immutable.vcxproj", "{45F2EE35-A371-4A1B-BF54-288E799EC747}"
EndProject
Project("{8BC9CEB8-8B4A-11D0-8D11-00A0C91BC942}") = "53. Maximum Subarray", "53. Maximum Subarray\53. Maximum Subarray.vcxproj", "{E7270907-083C-4E7B-9773-8F26D6EA7778}"
EndProject
Project("{8BC9CEB8-8B4A-11D0-8D11-00A0C91BC942}") = "524.Longest Word in Dictionary through Deleting", "524.Longest Word in Dictionary through Deleting\524.Longest Word in Dictionary through Deleting.vcxproj", "{40B9C46A-128D-401F-AD7A-F42F57EF775C}"
EndProject
Project("{8BC9CEB8-8B4A-11D0-8D11-00A0C91BC942}") = "198.House Robber", "198.House Robber\198.House Robber.vcxproj", "{0D7E6C59-065E-46CD-A3DD-EB5CF9431AAB}"
EndProject
Project("{8BC9CEB8-8B4A-11D0-8D11-00A0C91BC942}") = "121. Best Time to Buy and Sell Stock", "121. Best Time to Buy and Sell Stock\121. Best Time to Buy and Sell Stock.vcxproj", "{D37D8C5A-3358-48DF-83EE-6C9432975964}"
EndProject
Project("{8BC9CEB8-8B4A-11D0-8D11-00A0C91BC942}") = "70. Climbing Stairs", "70. Climbing Stairs\70. Climbing Stairs.vcxproj", "{072894FC-5F02-47A2-89EA-7874A24FEC91}"
EndProject
Project("{8BC9CEB8-8B4A-11D0-8D11-00A0C91BC942}") = "147. Insertion Sort List", "147. Insertion Sort List\147. Insertion Sort List.vcxproj", "{E0C24118-04D9-41A3-8232-F71271A9975F}"
EndProject
Project("{8BC9CEB8-8B4A-11D0-8D11-00A0C91BC942}") = "697. Degree of an Array", "697. Degree of an Array (not done)\697. Degree of an Array (not done).vcxproj", "{9715303C-2E94-4555-A0DB-DFD199E0F8FD}"
EndProject
Project("{8BC9CEB8-8B4A-11D0-8D11-00A0C91BC942}") = "179. Largest Number", "179. Largest Number\179. Largest Number.vcxproj", "{AB92F56A-3BD2-4001-943E-5E3FEFA7B952}"
EndProject
Project("{8BC9CEB8-8B4A-11D0-8D11-00A0C91BC942}") = "75. Sort Colors", "75. Sort Colors\75. Sort Colors.vcxproj", "{0A15C52C-DABE-4F18-AEAD-7E3F629A95CA}"
EndProject
Project("{8BC9CEB8-8B4A-11D0-8D11-00A0C91BC942}") = "740. Delete and Earn", "740. Delete and Earn\740. Delete and Earn.vcxproj", "{AB8C66AF-C9B7-4301-9190-236448DAC109}"
EndProject
Project("{8BC9CEB8-8B4A-11D0-8D11-00A0C91BC942}") = "64. Minimum Path Sum", "64. Minimum Path Sum\64. Minimum Path Sum.vcxproj", "{E203A427-1829-46CA-9DE0-904218E1DD5A}"
EndProject
Project("{8BC9CEB8-8B4A-11D0-8D11-00A0C91BC942}") = "712. (undone )Minimum ASCII Delete Sum for Two Strings", "712. Minimum ASCII Delete Sum for Two Strings\712. Minimum ASCII Delete Sum for Two Strings.vcxproj", "{162B5E31-7A22-47BF-B7E6-C0A4ED51385D}"
EndProject
Project("{8BC9CEB8-8B4A-11D0-8D11-00A0C91BC942}") = "57. Insert Interval", "57. Insert Interval\57. Insert Interval.vcxproj", "{D652D648-53A9-41A3-8351-14CB4490ED6C}"
EndProject
Project("{8BC9CEB8-8B4A-11D0-8D11-00A0C91BC942}") = "148. (undone )Sort List", "148. Sort List\148. Sort List.vcxproj", "{31696B34-0406-4149-95F7-0A8CB6530219}"
EndProject
Project("{8BC9CEB8-8B4A-11D0-8D11-00A0C91BC942}") = "112. Path Sum", "112. Path Sum\112. Path Sum.vcxproj", "{A848ECC2-A4F6-4210-B602-6E266112D0D4}"
EndProject
Project("{8BC9CEB8-8B4A-11D0-8D11-00A0C91BC942}") = "101.Symmetric Tree", "101. Symmetric Tree\101. Symmetric Tree.vcxproj", "{5A308A71-32EE-4B22-9CAF-5A5BFA61E368}"
EndProject
Project("{8BC9CEB8-8B4A-11D0-8D11-00A0C91BC942}") = "698. Partition to K Equal Sum Subsets", "698. Partition to K Equal Sum Subsets\698. Partition to K Equal Sum Subsets.vcxproj", "{AB2C623F-D926-4D0B-81F7-DA30169A7A78}"
EndProject
Project("{8BC9CEB8-8B4A-11D0-8D11-00A0C91BC942}") = "461. Hamming Distance", "461. Hamming Distance\461. Hamming Distance.vcxproj", "{CDD2B721-93C6-4667-95C9-BCD28EF4FCE2}"
EndProject
Project("{8BC9CEB8-8B4A-11D0-8D11-00A0C91BC942}") = "657. Judge Route Circle", "657. Judge Route Circle\657. Judge Route Circle.vcxproj", "{21B580B6-0023-41F4-A632-A9C3F0F05E0C}"
EndProject
Project("{8BC9CEB8-8B4A-11D0-8D11-00A0C91BC942}") = "617. Merge Two Binary Trees", "617. Merge Two Binary Trees\617. Merge Two Binary Trees.vcxproj", "{EEF85CF5-9CD8-4B6C-AC49-47ECFCA0886D}"
EndProject
Project("{8BC9CEB8-8B4A-11D0-8D11-00A0C91BC942}") = "561. Array Partition I", "561. Array Partition I\561. Array Partition I.vcxproj", "{5EBE7CA1-F6C4-450F-BC6F-098440550860}"
EndProject
Project("{8BC9CEB8-8B4A-11D0-8D11-00A0C91BC942}") = "476. Number Complement", "476. Number Complement\476. Number Complement.vcxproj", "{EA52F40C-0624-4A24-A87D-999372BF37C4}"
EndProject
Project("{8BC9CEB8-8B4A-11D0-8D11-00A0C91BC942}") = "557. Reverse Words in a String III", "557. Reverse Words in a String III\557. Reverse Words in a String III.vcxproj", "{1D801E15-3D13-430C-84BD-9BC8050D8AE7}"
EndProject
Project("{8BC9CEB8-8B4A-11D0-8D11-00A0C91BC942}") = "500. Keyboard Row", "500. Keyboard Row\500. Keyboard Row.vcxproj", "{FEECD0C3-6A90-43C6-926D-AE668E5058A0}"
EndProject
Project("{8BC9CEB8-8B4A-11D0-8D11-00A0C91BC942}") = "375. Guess Number Higher or Lower II", "375. Guess Number Higher or Lower II\375. Guess Number Higher or Lower II.vcxproj", "{DECA401C-4174-4D3E-8016-3642AA8359B6}"
EndProject
Project("{8BC9CEB8-8B4A-11D0-8D11-00A0C91BC942}") = "647. Palindromic Substrings", "647. Palindromic Substrings\647. Palindromic Substrings.vcxproj", "{1E7B3616-14A6-447B-ADDB-2FD9900CF0B6}"
EndProject
Project("{8BC9CEB8-8B4A-11D0-8D11-00A0C91BC942}") = "467. Unique Substrings in Wraparound String", "467. Unique Substrings in Wraparound String\467. Unique Substrings in Wraparound String.vcxproj", "{3B71DAB6-EA99-429D-868E-4C14B2B967B1}"
EndProject
Project("{8BC9CEB8-8B4A-11D0-8D11-00A0C91BC942}") = "91. Decode Ways", "91. Decode Ways\91. Decode Ways.vcxproj", "{4DA92AB5-BD83-42F6-AA4A-A49D679C050A}"
EndProject
Project("{8BC9CEB8-8B4A-11D0-8D11-00A0C91BC942}") = "118. Pascal's Triangle", "118. Pascal's Triangle\118. Pascal's Triangle.vcxproj", "{31D54AC7-543A-494B-81FB-2ECE8715DA83}"
EndProject
Project("{8BC9CEB8-8B4A-11D0-8D11-00A0C91BC942}") = "119. Pascal's Triangle II", "119. Pascal's Triangle II\119. Pascal's Triangle II.vcxproj", "{9DA309C3-B142-4484-BFE3-62DCB2FA4AC2}"
EndProject
Project("{8BC9CEB8-8B4A-11D0-8D11-00A0C91BC942}") = "96. Unique Binary Search Trees", "96. Unique Binary Search Trees\96. Unique Binary Search Trees.vcxproj", "{2D74D37B-36FC-4262-BE32-06CEE75C5C4D}"
EndProject
Project("{8BC9CEB8-8B4A-11D0-8D11-00A0C91BC942}") = "95. Unique Binary Search Trees II", "95. Unique Binary Search Trees II\95. Unique Binary Search Trees II.vcxproj", "{74DF2E32-5615-4433-B561-2D17129460CC}"
EndProject
Project("{8BC9CEB8-8B4A-11D0-8D11-00A0C91BC942}") = "650. 2 Keys Keyboard (undone)", "650. 2 Keys Keyboard\650. 2 Keys Keyboard.vcxproj", "{4608103C-540C-47D3-AACB-719DC4037472}"
EndProject
Project("{8BC9CEB8-8B4A-11D0-8D11-00A0C91BC942}") = "581. Shortest Unsorted Continuous Subarray", "581. Shortest Unsorted Continuous Subarray\581. Shortest Unsorted Continuous Subarray.vcxproj", "{1C973693-52BF-47CA-BACD-BAF8E8E004E4}"
EndProject
Project("{8BC9CEB8-8B4A-11D0-8D11-00A0C91BC942}") = "217. Contains Duplicate", "217. Contains Duplicate\217. Contains Duplicate.vcxproj", "{5573A164-2611-49C3-B2D3-6C510F2E8FC8}"
EndProject
Project("{8BC9CEB8-8B4A-11D0-8D11-00A0C91BC942}") = "606. Construct String from Binary Tree", "606. Construct String from Binary Tree\606. Construct String from Binary Tree.vcxproj", "{554C370E-CADC-4538-B636-ADFAB2161543}"
EndProject
Project("{8BC9CEB8-8B4A-11D0-8D11-00A0C91BC942}") = "695. Max Area of Island", "695. Max Area of Island\695. Max Area of Island.vcxproj", "{0C172921-7ADA-4782-B0B5-B4D1D8A555E4}"
EndProject
Global
	GlobalSection(SolutionConfigurationPlatforms) = preSolution
		Debug|x64 = Debug|x64
		Debug|x86 = Debug|x86
		Release|x64 = Release|x64
		Release|x86 = Release|x86
	EndGlobalSection
	GlobalSection(ProjectConfigurationPlatforms) = postSolution
		{ADCE9525-869C-4CA1-86A8-85D83E31ABE6}.Debug|x64.ActiveCfg = Debug|x64
		{ADCE9525-869C-4CA1-86A8-85D83E31ABE6}.Debug|x64.Build.0 = Debug|x64
		{ADCE9525-869C-4CA1-86A8-85D83E31ABE6}.Debug|x86.ActiveCfg = Debug|Win32
		{ADCE9525-869C-4CA1-86A8-85D83E31ABE6}.Debug|x86.Build.0 = Debug|Win32
		{ADCE9525-869C-4CA1-86A8-85D83E31ABE6}.Release|x64.ActiveCfg = Release|x64
		{ADCE9525-869C-4CA1-86A8-85D83E31ABE6}.Release|x64.Build.0 = Release|x64
		{ADCE9525-869C-4CA1-86A8-85D83E31ABE6}.Release|x86.ActiveCfg = Release|Win32
		{ADCE9525-869C-4CA1-86A8-85D83E31ABE6}.Release|x86.Build.0 = Release|Win32
		{82E84FF3-6CE5-4AB8-8CB0-38D35BF4D17C}.Debug|x64.ActiveCfg = Debug|x64
		{82E84FF3-6CE5-4AB8-8CB0-38D35BF4D17C}.Debug|x64.Build.0 = Debug|x64
		{82E84FF3-6CE5-4AB8-8CB0-38D35BF4D17C}.Debug|x86.ActiveCfg = Debug|Win32
		{82E84FF3-6CE5-4AB8-8CB0-38D35BF4D17C}.Debug|x86.Build.0 = Debug|Win32
		{82E84FF3-6CE5-4AB8-8CB0-38D35BF4D17C}.Release|x64.ActiveCfg = Release|x64
		{82E84FF3-6CE5-4AB8-8CB0-38D35BF4D17C}.Release|x64.Build.0 = Release|x64
		{82E84FF3-6CE5-4AB8-8CB0-38D35BF4D17C}.Release|x86.ActiveCfg = Release|Win32
		{82E84FF3-6CE5-4AB8-8CB0-38D35BF4D17C}.Release|x86.Build.0 = Release|Win32
		{B48B566C-0F38-4E95-8459-27B0FEC724B2}.Debug|x64.ActiveCfg = Debug|x64
		{B48B566C-0F38-4E95-8459-27B0FEC724B2}.Debug|x64.Build.0 = Debug|x64
		{B48B566C-0F38-4E95-8459-27B0FEC724B2}.Debug|x86.ActiveCfg = Debug|Win32
		{B48B566C-0F38-4E95-8459-27B0FEC724B2}.Debug|x86.Build.0 = Debug|Win32
		{B48B566C-0F38-4E95-8459-27B0FEC724B2}.Release|x64.ActiveCfg = Release|x64
		{B48B566C-0F38-4E95-8459-27B0FEC724B2}.Release|x64.Build.0 = Release|x64
		{B48B566C-0F38-4E95-8459-27B0FEC724B2}.Release|x86.ActiveCfg = Release|Win32
		{B48B566C-0F38-4E95-8459-27B0FEC724B2}.Release|x86.Build.0 = Release|Win32
		{D629EE4E-D77A-46CA-9CF0-1856A470679C}.Debug|x64.ActiveCfg = Debug|x64
		{D629EE4E-D77A-46CA-9CF0-1856A470679C}.Debug|x64.Build.0 = Debug|x64
		{D629EE4E-D77A-46CA-9CF0-1856A470679C}.Debug|x86.ActiveCfg = Debug|Win32
		{D629EE4E-D77A-46CA-9CF0-1856A470679C}.Debug|x86.Build.0 = Debug|Win32
		{D629EE4E-D77A-46CA-9CF0-1856A470679C}.Release|x64.ActiveCfg = Release|x64
		{D629EE4E-D77A-46CA-9CF0-1856A470679C}.Release|x64.Build.0 = Release|x64
		{D629EE4E-D77A-46CA-9CF0-1856A470679C}.Release|x86.ActiveCfg = Release|Win32
		{D629EE4E-D77A-46CA-9CF0-1856A470679C}.Release|x86.Build.0 = Release|Win32
		{82C4DF0D-3CA3-44EF-B744-CC91F65F6C18}.Debug|x64.ActiveCfg = Debug|x64
		{82C4DF0D-3CA3-44EF-B744-CC91F65F6C18}.Debug|x64.Build.0 = Debug|x64
		{82C4DF0D-3CA3-44EF-B744-CC91F65F6C18}.Debug|x86.ActiveCfg = Debug|Win32
		{82C4DF0D-3CA3-44EF-B744-CC91F65F6C18}.Debug|x86.Build.0 = Debug|Win32
		{82C4DF0D-3CA3-44EF-B744-CC91F65F6C18}.Release|x64.ActiveCfg = Release|x64
		{82C4DF0D-3CA3-44EF-B744-CC91F65F6C18}.Release|x64.Build.0 = Release|x64
		{82C4DF0D-3CA3-44EF-B744-CC91F65F6C18}.Release|x86.ActiveCfg = Release|Win32
		{82C4DF0D-3CA3-44EF-B744-CC91F65F6C18}.Release|x86.Build.0 = Release|Win32
		{CEFC0296-EAF4-4CB6-AA64-63913DB35871}.Debug|x64.ActiveCfg = Debug|x64
		{CEFC0296-EAF4-4CB6-AA64-63913DB35871}.Debug|x64.Build.0 = Debug|x64
		{CEFC0296-EAF4-4CB6-AA64-63913DB35871}.Debug|x86.ActiveCfg = Debug|Win32
		{CEFC0296-EAF4-4CB6-AA64-63913DB35871}.Debug|x86.Build.0 = Debug|Win32
		{CEFC0296-EAF4-4CB6-AA64-63913DB35871}.Release|x64.ActiveCfg = Release|x64
		{CEFC0296-EAF4-4CB6-AA64-63913DB35871}.Release|x64.Build.0 = Release|x64
		{CEFC0296-EAF4-4CB6-AA64-63913DB35871}.Release|x86.ActiveCfg = Release|Win32
		{CEFC0296-EAF4-4CB6-AA64-63913DB35871}.Release|x86.Build.0 = Release|Win32
		{376288DF-E1DC-4207-AAEF-294379ED1C32}.Debug|x64.ActiveCfg = Debug|x64
		{376288DF-E1DC-4207-AAEF-294379ED1C32}.Debug|x64.Build.0 = Debug|x64
		{376288DF-E1DC-4207-AAEF-294379ED1C32}.Debug|x86.ActiveCfg = Debug|Win32
		{376288DF-E1DC-4207-AAEF-294379ED1C32}.Debug|x86.Build.0 = Debug|Win32
		{376288DF-E1DC-4207-AAEF-294379ED1C32}.Release|x64.ActiveCfg = Release|x64
		{376288DF-E1DC-4207-AAEF-294379ED1C32}.Release|x64.Build.0 = Release|x64
		{376288DF-E1DC-4207-AAEF-294379ED1C32}.Release|x86.ActiveCfg = Release|Win32
		{376288DF-E1DC-4207-AAEF-294379ED1C32}.Release|x86.Build.0 = Release|Win32
		{D5089974-14B8-4821-99CA-159767B510AA}.Debug|x64.ActiveCfg = Debug|x64
		{D5089974-14B8-4821-99CA-159767B510AA}.Debug|x64.Build.0 = Debug|x64
		{D5089974-14B8-4821-99CA-159767B510AA}.Debug|x86.ActiveCfg = Debug|Win32
		{D5089974-14B8-4821-99CA-159767B510AA}.Debug|x86.Build.0 = Debug|Win32
		{D5089974-14B8-4821-99CA-159767B510AA}.Release|x64.ActiveCfg = Release|x64
		{D5089974-14B8-4821-99CA-159767B510AA}.Release|x64.Build.0 = Release|x64
		{D5089974-14B8-4821-99CA-159767B510AA}.Release|x86.ActiveCfg = Release|Win32
		{D5089974-14B8-4821-99CA-159767B510AA}.Release|x86.Build.0 = Release|Win32
		{EDFBB735-89A9-4D29-8512-05DAAF5355F7}.Debug|x64.ActiveCfg = Debug|x64
		{EDFBB735-89A9-4D29-8512-05DAAF5355F7}.Debug|x64.Build.0 = Debug|x64
		{EDFBB735-89A9-4D29-8512-05DAAF5355F7}.Debug|x86.ActiveCfg = Debug|Win32
		{EDFBB735-89A9-4D29-8512-05DAAF5355F7}.Debug|x86.Build.0 = Debug|Win32
		{EDFBB735-89A9-4D29-8512-05DAAF5355F7}.Release|x64.ActiveCfg = Release|x64
		{EDFBB735-89A9-4D29-8512-05DAAF5355F7}.Release|x64.Build.0 = Release|x64
		{EDFBB735-89A9-4D29-8512-05DAAF5355F7}.Release|x86.ActiveCfg = Release|Win32
		{EDFBB735-89A9-4D29-8512-05DAAF5355F7}.Release|x86.Build.0 = Release|Win32
		{09602E09-3FE1-44C4-8F0E-524ADBD0DFA5}.Debug|x64.ActiveCfg = Debug|x64
		{09602E09-3FE1-44C4-8F0E-524ADBD0DFA5}.Debug|x64.Build.0 = Debug|x64
		{09602E09-3FE1-44C4-8F0E-524ADBD0DFA5}.Debug|x86.ActiveCfg = Debug|Win32
		{09602E09-3FE1-44C4-8F0E-524ADBD0DFA5}.Debug|x86.Build.0 = Debug|Win32
		{09602E09-3FE1-44C4-8F0E-524ADBD0DFA5}.Release|x64.ActiveCfg = Release|x64
		{09602E09-3FE1-44C4-8F0E-524ADBD0DFA5}.Release|x64.Build.0 = Release|x64
		{09602E09-3FE1-44C4-8F0E-524ADBD0DFA5}.Release|x86.ActiveCfg = Release|Win32
		{09602E09-3FE1-44C4-8F0E-524ADBD0DFA5}.Release|x86.Build.0 = Release|Win32
		{40229868-D625-4B6B-99A4-F77B8673B90F}.Debug|x64.ActiveCfg = Debug|x64
		{40229868-D625-4B6B-99A4-F77B8673B90F}.Debug|x64.Build.0 = Debug|x64
		{40229868-D625-4B6B-99A4-F77B8673B90F}.Debug|x86.ActiveCfg = Debug|Win32
		{40229868-D625-4B6B-99A4-F77B8673B90F}.Debug|x86.Build.0 = Debug|Win32
		{40229868-D625-4B6B-99A4-F77B8673B90F}.Release|x64.ActiveCfg = Release|x64
		{40229868-D625-4B6B-99A4-F77B8673B90F}.Release|x64.Build.0 = Release|x64
		{40229868-D625-4B6B-99A4-F77B8673B90F}.Release|x86.ActiveCfg = Release|Win32
		{40229868-D625-4B6B-99A4-F77B8673B90F}.Release|x86.Build.0 = Release|Win32
		{45F2EE35-A371-4A1B-BF54-288E799EC747}.Debug|x64.ActiveCfg = Debug|x64
		{45F2EE35-A371-4A1B-BF54-288E799EC747}.Debug|x64.Build.0 = Debug|x64
		{45F2EE35-A371-4A1B-BF54-288E799EC747}.Debug|x86.ActiveCfg = Debug|Win32
		{45F2EE35-A371-4A1B-BF54-288E799EC747}.Debug|x86.Build.0 = Debug|Win32
		{45F2EE35-A371-4A1B-BF54-288E799EC747}.Release|x64.ActiveCfg = Release|x64
		{45F2EE35-A371-4A1B-BF54-288E799EC747}.Release|x64.Build.0 = Release|x64
		{45F2EE35-A371-4A1B-BF54-288E799EC747}.Release|x86.ActiveCfg = Release|Win32
		{45F2EE35-A371-4A1B-BF54-288E799EC747}.Release|x86.Build.0 = Release|Win32
		{E7270907-083C-4E7B-9773-8F26D6EA7778}.Debug|x64.ActiveCfg = Debug|x64
		{E7270907-083C-4E7B-9773-8F26D6EA7778}.Debug|x64.Build.0 = Debug|x64
		{E7270907-083C-4E7B-9773-8F26D6EA7778}.Debug|x86.ActiveCfg = Debug|Win32
		{E7270907-083C-4E7B-9773-8F26D6EA7778}.Debug|x86.Build.0 = Debug|Win32
		{E7270907-083C-4E7B-9773-8F26D6EA7778}.Release|x64.ActiveCfg = Release|x64
		{E7270907-083C-4E7B-9773-8F26D6EA7778}.Release|x64.Build.0 = Release|x64
		{E7270907-083C-4E7B-9773-8F26D6EA7778}.Release|x86.ActiveCfg = Release|Win32
		{E7270907-083C-4E7B-9773-8F26D6EA7778}.Release|x86.Build.0 = Release|Win32
		{40B9C46A-128D-401F-AD7A-F42F57EF775C}.Debug|x64.ActiveCfg = Debug|x64
		{40B9C46A-128D-401F-AD7A-F42F57EF775C}.Debug|x64.Build.0 = Debug|x64
		{40B9C46A-128D-401F-AD7A-F42F57EF775C}.Debug|x86.ActiveCfg = Debug|Win32
		{40B9C46A-128D-401F-AD7A-F42F57EF775C}.Debug|x86.Build.0 = Debug|Win32
		{40B9C46A-128D-401F-AD7A-F42F57EF775C}.Release|x64.ActiveCfg = Release|x64
		{40B9C46A-128D-401F-AD7A-F42F57EF775C}.Release|x64.Build.0 = Release|x64
		{40B9C46A-128D-401F-AD7A-F42F57EF775C}.Release|x86.ActiveCfg = Release|Win32
		{40B9C46A-128D-401F-AD7A-F42F57EF775C}.Release|x86.Build.0 = Release|Win32
		{0D7E6C59-065E-46CD-A3DD-EB5CF9431AAB}.Debug|x64.ActiveCfg = Debug|x64
		{0D7E6C59-065E-46CD-A3DD-EB5CF9431AAB}.Debug|x64.Build.0 = Debug|x64
		{0D7E6C59-065E-46CD-A3DD-EB5CF9431AAB}.Debug|x86.ActiveCfg = Debug|Win32
		{0D7E6C59-065E-46CD-A3DD-EB5CF9431AAB}.Debug|x86.Build.0 = Debug|Win32
		{0D7E6C59-065E-46CD-A3DD-EB5CF9431AAB}.Release|x64.ActiveCfg = Release|x64
		{0D7E6C59-065E-46CD-A3DD-EB5CF9431AAB}.Release|x64.Build.0 = Release|x64
		{0D7E6C59-065E-46CD-A3DD-EB5CF9431AAB}.Release|x86.ActiveCfg = Release|Win32
		{0D7E6C59-065E-46CD-A3DD-EB5CF9431AAB}.Release|x86.Build.0 = Release|Win32
		{D37D8C5A-3358-48DF-83EE-6C9432975964}.Debug|x64.ActiveCfg = Debug|x64
		{D37D8C5A-3358-48DF-83EE-6C9432975964}.Debug|x64.Build.0 = Debug|x64
		{D37D8C5A-3358-48DF-83EE-6C9432975964}.Debug|x86.ActiveCfg = Debug|Win32
		{D37D8C5A-3358-48DF-83EE-6C9432975964}.Debug|x86.Build.0 = Debug|Win32
		{D37D8C5A-3358-48DF-83EE-6C9432975964}.Release|x64.ActiveCfg = Release|x64
		{D37D8C5A-3358-48DF-83EE-6C9432975964}.Release|x64.Build.0 = Release|x64
		{D37D8C5A-3358-48DF-83EE-6C9432975964}.Release|x86.ActiveCfg = Release|Win32
		{D37D8C5A-3358-48DF-83EE-6C9432975964}.Release|x86.Build.0 = Release|Win32
		{072894FC-5F02-47A2-89EA-7874A24FEC91}.Debug|x64.ActiveCfg = Debug|x64
		{072894FC-5F02-47A2-89EA-7874A24FEC91}.Debug|x64.Build.0 = Debug|x64
		{072894FC-5F02-47A2-89EA-7874A24FEC91}.Debug|x86.ActiveCfg = Debug|Win32
		{072894FC-5F02-47A2-89EA-7874A24FEC91}.Debug|x86.Build.0 = Debug|Win32
		{072894FC-5F02-47A2-89EA-7874A24FEC91}.Release|x64.ActiveCfg = Release|x64
		{072894FC-5F02-47A2-89EA-7874A24FEC91}.Release|x64.Build.0 = Release|x64
		{072894FC-5F02-47A2-89EA-7874A24FEC91}.Release|x86.ActiveCfg = Release|Win32
		{072894FC-5F02-47A2-89EA-7874A24FEC91}.Release|x86.Build.0 = Release|Win32
		{E0C24118-04D9-41A3-8232-F71271A9975F}.Debug|x64.ActiveCfg = Debug|x64
		{E0C24118-04D9-41A3-8232-F71271A9975F}.Debug|x64.Build.0 = Debug|x64
		{E0C24118-04D9-41A3-8232-F71271A9975F}.Debug|x86.ActiveCfg = Debug|Win32
		{E0C24118-04D9-41A3-8232-F71271A9975F}.Debug|x86.Build.0 = Debug|Win32
		{E0C24118-04D9-41A3-8232-F71271A9975F}.Release|x64.ActiveCfg = Release|x64
		{E0C24118-04D9-41A3-8232-F71271A9975F}.Release|x64.Build.0 = Release|x64
		{E0C24118-04D9-41A3-8232-F71271A9975F}.Release|x86.ActiveCfg = Release|Win32
		{E0C24118-04D9-41A3-8232-F71271A9975F}.Release|x86.Build.0 = Release|Win32
		{9715303C-2E94-4555-A0DB-DFD199E0F8FD}.Debug|x64.ActiveCfg = Debug|x64
		{9715303C-2E94-4555-A0DB-DFD199E0F8FD}.Debug|x64.Build.0 = Debug|x64
		{9715303C-2E94-4555-A0DB-DFD199E0F8FD}.Debug|x86.ActiveCfg = Debug|Win32
		{9715303C-2E94-4555-A0DB-DFD199E0F8FD}.Debug|x86.Build.0 = Debug|Win32
		{9715303C-2E94-4555-A0DB-DFD199E0F8FD}.Release|x64.ActiveCfg = Release|x64
		{9715303C-2E94-4555-A0DB-DFD199E0F8FD}.Release|x64.Build.0 = Release|x64
		{9715303C-2E94-4555-A0DB-DFD199E0F8FD}.Release|x86.ActiveCfg = Release|Win32
		{9715303C-2E94-4555-A0DB-DFD199E0F8FD}.Release|x86.Build.0 = Release|Win32
		{AB92F56A-3BD2-4001-943E-5E3FEFA7B952}.Debug|x64.ActiveCfg = Debug|x64
		{AB92F56A-3BD2-4001-943E-5E3FEFA7B952}.Debug|x64.Build.0 = Debug|x64
		{AB92F56A-3BD2-4001-943E-5E3FEFA7B952}.Debug|x86.ActiveCfg = Debug|Win32
		{AB92F56A-3BD2-4001-943E-5E3FEFA7B952}.Debug|x86.Build.0 = Debug|Win32
		{AB92F56A-3BD2-4001-943E-5E3FEFA7B952}.Release|x64.ActiveCfg = Release|x64
		{AB92F56A-3BD2-4001-943E-5E3FEFA7B952}.Release|x64.Build.0 = Release|x64
		{AB92F56A-3BD2-4001-943E-5E3FEFA7B952}.Release|x86.ActiveCfg = Release|Win32
		{AB92F56A-3BD2-4001-943E-5E3FEFA7B952}.Release|x86.Build.0 = Release|Win32
		{0A15C52C-DABE-4F18-AEAD-7E3F629A95CA}.Debug|x64.ActiveCfg = Debug|x64
		{0A15C52C-DABE-4F18-AEAD-7E3F629A95CA}.Debug|x64.Build.0 = Debug|x64
		{0A15C52C-DABE-4F18-AEAD-7E3F629A95CA}.Debug|x86.ActiveCfg = Debug|Win32
		{0A15C52C-DABE-4F18-AEAD-7E3F629A95CA}.Debug|x86.Build.0 = Debug|Win32
		{0A15C52C-DABE-4F18-AEAD-7E3F629A95CA}.Release|x64.ActiveCfg = Release|x64
		{0A15C52C-DABE-4F18-AEAD-7E3F629A95CA}.Release|x64.Build.0 = Release|x64
		{0A15C52C-DABE-4F18-AEAD-7E3F629A95CA}.Release|x86.ActiveCfg = Release|Win32
		{0A15C52C-DABE-4F18-AEAD-7E3F629A95CA}.Release|x86.Build.0 = Release|Win32
		{AB8C66AF-C9B7-4301-9190-236448DAC109}.Debug|x64.ActiveCfg = Debug|x64
		{AB8C66AF-C9B7-4301-9190-236448DAC109}.Debug|x64.Build.0 = Debug|x64
		{AB8C66AF-C9B7-4301-9190-236448DAC109}.Debug|x86.ActiveCfg = Debug|Win32
		{AB8C66AF-C9B7-4301-9190-236448DAC109}.Debug|x86.Build.0 = Debug|Win32
		{AB8C66AF-C9B7-4301-9190-236448DAC109}.Release|x64.ActiveCfg = Release|x64
		{AB8C66AF-C9B7-4301-9190-236448DAC109}.Release|x64.Build.0 = Release|x64
		{AB8C66AF-C9B7-4301-9190-236448DAC109}.Release|x86.ActiveCfg = Release|Win32
		{AB8C66AF-C9B7-4301-9190-236448DAC109}.Release|x86.Build.0 = Release|Win32
		{E203A427-1829-46CA-9DE0-904218E1DD5A}.Debug|x64.ActiveCfg = Debug|x64
		{E203A427-1829-46CA-9DE0-904218E1DD5A}.Debug|x64.Build.0 = Debug|x64
		{E203A427-1829-46CA-9DE0-904218E1DD5A}.Debug|x86.ActiveCfg = Debug|Win32
		{E203A427-1829-46CA-9DE0-904218E1DD5A}.Debug|x86.Build.0 = Debug|Win32
		{E203A427-1829-46CA-9DE0-904218E1DD5A}.Release|x64.ActiveCfg = Release|x64
		{E203A427-1829-46CA-9DE0-904218E1DD5A}.Release|x64.Build.0 = Release|x64
		{E203A427-1829-46CA-9DE0-904218E1DD5A}.Release|x86.ActiveCfg = Release|Win32
		{E203A427-1829-46CA-9DE0-904218E1DD5A}.Release|x86.Build.0 = Release|Win32
		{162B5E31-7A22-47BF-B7E6-C0A4ED51385D}.Debug|x64.ActiveCfg = Debug|x64
		{162B5E31-7A22-47BF-B7E6-C0A4ED51385D}.Debug|x64.Build.0 = Debug|x64
		{162B5E31-7A22-47BF-B7E6-C0A4ED51385D}.Debug|x86.ActiveCfg = Debug|Win32
		{162B5E31-7A22-47BF-B7E6-C0A4ED51385D}.Debug|x86.Build.0 = Debug|Win32
		{162B5E31-7A22-47BF-B7E6-C0A4ED51385D}.Release|x64.ActiveCfg = Release|x64
		{162B5E31-7A22-47BF-B7E6-C0A4ED51385D}.Release|x64.Build.0 = Release|x64
		{162B5E31-7A22-47BF-B7E6-C0A4ED51385D}.Release|x86.ActiveCfg = Release|Win32
		{162B5E31-7A22-47BF-B7E6-C0A4ED51385D}.Release|x86.Build.0 = Release|Win32
		{D652D648-53A9-41A3-8351-14CB4490ED6C}.Debug|x64.ActiveCfg = Debug|x64
		{D652D648-53A9-41A3-8351-14CB4490ED6C}.Debug|x64.Build.0 = Debug|x64
		{D652D648-53A9-41A3-8351-14CB4490ED6C}.Debug|x86.ActiveCfg = Debug|Win32
		{D652D648-53A9-41A3-8351-14CB4490ED6C}.Debug|x86.Build.0 = Debug|Win32
		{D652D648-53A9-41A3-8351-14CB4490ED6C}.Release|x64.ActiveCfg = Release|x64
		{D652D648-53A9-41A3-8351-14CB4490ED6C}.Release|x64.Build.0 = Release|x64
		{D652D648-53A9-41A3-8351-14CB4490ED6C}.Release|x86.ActiveCfg = Release|Win32
		{D652D648-53A9-41A3-8351-14CB4490ED6C}.Release|x86.Build.0 = Release|Win32
		{31696B34-0406-4149-95F7-0A8CB6530219}.Debug|x64.ActiveCfg = Debug|x64
		{31696B34-0406-4149-95F7-0A8CB6530219}.Debug|x64.Build.0 = Debug|x64
		{31696B34-0406-4149-95F7-0A8CB6530219}.Debug|x86.ActiveCfg = Debug|Win32
		{31696B34-0406-4149-95F7-0A8CB6530219}.Debug|x86.Build.0 = Debug|Win32
		{31696B34-0406-4149-95F7-0A8CB6530219}.Release|x64.ActiveCfg = Release|x64
		{31696B34-0406-4149-95F7-0A8CB6530219}.Release|x64.Build.0 = Release|x64
		{31696B34-0406-4149-95F7-0A8CB6530219}.Release|x86.ActiveCfg = Release|Win32
		{31696B34-0406-4149-95F7-0A8CB6530219}.Release|x86.Build.0 = Release|Win32
		{A848ECC2-A4F6-4210-B602-6E266112D0D4}.Debug|x64.ActiveCfg = Debug|x64
		{A848ECC2-A4F6-4210-B602-6E266112D0D4}.Debug|x64.Build.0 = Debug|x64
		{A848ECC2-A4F6-4210-B602-6E266112D0D4}.Debug|x86.ActiveCfg = Debug|Win32
		{A848ECC2-A4F6-4210-B602-6E266112D0D4}.Debug|x86.Build.0 = Debug|Win32
		{A848ECC2-A4F6-4210-B602-6E266112D0D4}.Release|x64.ActiveCfg = Release|x64
		{A848ECC2-A4F6-4210-B602-6E266112D0D4}.Release|x64.Build.0 = Release|x64
		{A848ECC2-A4F6-4210-B602-6E266112D0D4}.Release|x86.ActiveCfg = Release|Win32
		{A848ECC2-A4F6-4210-B602-6E266112D0D4}.Release|x86.Build.0 = Release|Win32
		{5A308A71-32EE-4B22-9CAF-5A5BFA61E368}.Debug|x64.ActiveCfg = Debug|x64
		{5A308A71-32EE-4B22-9CAF-5A5BFA61E368}.Debug|x64.Build.0 = Debug|x64
		{5A308A71-32EE-4B22-9CAF-5A5BFA61E368}.Debug|x86.ActiveCfg = Debug|Win32
		{5A308A71-32EE-4B22-9CAF-5A5BFA61E368}.Debug|x86.Build.0 = Debug|Win32
		{5A308A71-32EE-4B22-9CAF-5A5BFA61E368}.Release|x64.ActiveCfg = Release|x64
		{5A308A71-32EE-4B22-9CAF-5A5BFA61E368}.Release|x64.Build.0 = Release|x64
		{5A308A71-32EE-4B22-9CAF-5A5BFA61E368}.Release|x86.ActiveCfg = Release|Win32
		{5A308A71-32EE-4B22-9CAF-5A5BFA61E368}.Release|x86.Build.0 = Release|Win32
		{AB2C623F-D926-4D0B-81F7-DA30169A7A78}.Debug|x64.ActiveCfg = Debug|x64
		{AB2C623F-D926-4D0B-81F7-DA30169A7A78}.Debug|x64.Build.0 = Debug|x64
		{AB2C623F-D926-4D0B-81F7-DA30169A7A78}.Debug|x86.ActiveCfg = Debug|Win32
		{AB2C623F-D926-4D0B-81F7-DA30169A7A78}.Debug|x86.Build.0 = Debug|Win32
		{AB2C623F-D926-4D0B-81F7-DA30169A7A78}.Release|x64.ActiveCfg = Release|x64
		{AB2C623F-D926-4D0B-81F7-DA30169A7A78}.Release|x64.Build.0 = Release|x64
		{AB2C623F-D926-4D0B-81F7-DA30169A7A78}.Release|x86.ActiveCfg = Release|Win32
		{AB2C623F-D926-4D0B-81F7-DA30169A7A78}.Release|x86.Build.0 = Release|Win32
		{CDD2B721-93C6-4667-95C9-BCD28EF4FCE2}.Debug|x64.ActiveCfg = Debug|x64
		{CDD2B721-93C6-4667-95C9-BCD28EF4FCE2}.Debug|x64.Build.0 = Debug|x64
		{CDD2B721-93C6-4667-95C9-BCD28EF4FCE2}.Debug|x86.ActiveCfg = Debug|Win32
		{CDD2B721-93C6-4667-95C9-BCD28EF4FCE2}.Debug|x86.Build.0 = Debug|Win32
		{CDD2B721-93C6-4667-95C9-BCD28EF4FCE2}.Release|x64.ActiveCfg = Release|x64
		{CDD2B721-93C6-4667-95C9-BCD28EF4FCE2}.Release|x64.Build.0 = Release|x64
		{CDD2B721-93C6-4667-95C9-BCD28EF4FCE2}.Release|x86.ActiveCfg = Release|Win32
		{CDD2B721-93C6-4667-95C9-BCD28EF4FCE2}.Release|x86.Build.0 = Release|Win32
		{21B580B6-0023-41F4-A632-A9C3F0F05E0C}.Debug|x64.ActiveCfg = Debug|x64
		{21B580B6-0023-41F4-A632-A9C3F0F05E0C}.Debug|x64.Build.0 = Debug|x64
		{21B580B6-0023-41F4-A632-A9C3F0F05E0C}.Debug|x86.ActiveCfg = Debug|Win32
		{21B580B6-0023-41F4-A632-A9C3F0F05E0C}.Debug|x86.Build.0 = Debug|Win32
		{21B580B6-0023-41F4-A632-A9C3F0F05E0C}.Release|x64.ActiveCfg = Release|x64
		{21B580B6-0023-41F4-A632-A9C3F0F05E0C}.Release|x64.Build.0 = Release|x64
		{21B580B6-0023-41F4-A632-A9C3F0F05E0C}.Release|x86.ActiveCfg = Release|Win32
		{21B580B6-0023-41F4-A632-A9C3F0F05E0C}.Release|x86.Build.0 = Release|Win32
		{EEF85CF5-9CD8-4B6C-AC49-47ECFCA0886D}.Debug|x64.ActiveCfg = Debug|x64
		{EEF85CF5-9CD8-4B6C-AC49-47ECFCA0886D}.Debug|x64.Build.0 = Debug|x64
		{EEF85CF5-9CD8-4B6C-AC49-47ECFCA0886D}.Debug|x86.ActiveCfg = Debug|Win32
		{EEF85CF5-9CD8-4B6C-AC49-47ECFCA0886D}.Debug|x86.Build.0 = Debug|Win32
		{EEF85CF5-9CD8-4B6C-AC49-47ECFCA0886D}.Release|x64.ActiveCfg = Release|x64
		{EEF85CF5-9CD8-4B6C-AC49-47ECFCA0886D}.Release|x64.Build.0 = Release|x64
		{EEF85CF5-9CD8-4B6C-AC49-47ECFCA0886D}.Release|x86.ActiveCfg = Release|Win32
		{EEF85CF5-9CD8-4B6C-AC49-47ECFCA0886D}.Release|x86.Build.0 = Release|Win32
		{5EBE7CA1-F6C4-450F-BC6F-098440550860}.Debug|x64.ActiveCfg = Debug|x64
		{5EBE7CA1-F6C4-450F-BC6F-098440550860}.Debug|x64.Build.0 = Debug|x64
		{5EBE7CA1-F6C4-450F-BC6F-098440550860}.Debug|x86.ActiveCfg = Debug|Win32
		{5EBE7CA1-F6C4-450F-BC6F-098440550860}.Debug|x86.Build.0 = Debug|Win32
		{5EBE7CA1-F6C4-450F-BC6F-098440550860}.Release|x64.ActiveCfg = Release|x64
		{5EBE7CA1-F6C4-450F-BC6F-098440550860}.Release|x64.Build.0 = Release|x64
		{5EBE7CA1-F6C4-450F-BC6F-098440550860}.Release|x86.ActiveCfg = Release|Win32
		{5EBE7CA1-F6C4-450F-BC6F-098440550860}.Release|x86.Build.0 = Release|Win32
		{EA52F40C-0624-4A24-A87D-999372BF37C4}.Debug|x64.ActiveCfg = Debug|x64
		{EA52F40C-0624-4A24-A87D-999372BF37C4}.Debug|x64.Build.0 = Debug|x64
		{EA52F40C-0624-4A24-A87D-999372BF37C4}.Debug|x86.ActiveCfg = Debug|Win32
		{EA52F40C-0624-4A24-A87D-999372BF37C4}.Debug|x86.Build.0 = Debug|Win32
		{EA52F40C-0624-4A24-A87D-999372BF37C4}.Release|x64.ActiveCfg = Release|x64
		{EA52F40C-0624-4A24-A87D-999372BF37C4}.Release|x64.Build.0 = Release|x64
		{EA52F40C-0624-4A24-A87D-999372BF37C4}.Release|x86.ActiveCfg = Release|Win32
		{EA52F40C-0624-4A24-A87D-999372BF37C4}.Release|x86.Build.0 = Release|Win32
		{1D801E15-3D13-430C-84BD-9BC8050D8AE7}.Debug|x64.ActiveCfg = Debug|x64
		{1D801E15-3D13-430C-84BD-9BC8050D8AE7}.Debug|x64.Build.0 = Debug|x64
		{1D801E15-3D13-430C-84BD-9BC8050D8AE7}.Debug|x86.ActiveCfg = Debug|Win32
		{1D801E15-3D13-430C-84BD-9BC8050D8AE7}.Debug|x86.Build.0 = Debug|Win32
		{1D801E15-3D13-430C-84BD-9BC8050D8AE7}.Release|x64.ActiveCfg = Release|x64
		{1D801E15-3D13-430C-84BD-9BC8050D8AE7}.Release|x64.Build.0 = Release|x64
		{1D801E15-3D13-430C-84BD-9BC8050D8AE7}.Release|x86.ActiveCfg = Release|Win32
		{1D801E15-3D13-430C-84BD-9BC8050D8AE7}.Release|x86.Build.0 = Release|Win32
		{FEECD0C3-6A90-43C6-926D-AE668E5058A0}.Debug|x64.ActiveCfg = Debug|x64
		{FEECD0C3-6A90-43C6-926D-AE668E5058A0}.Debug|x64.Build.0 = Debug|x64
		{FEECD0C3-6A90-43C6-926D-AE668E5058A0}.Debug|x86.ActiveCfg = Debug|Win32
		{FEECD0C3-6A90-43C6-926D-AE668E5058A0}.Debug|x86.Build.0 = Debug|Win32
		{FEECD0C3-6A90-43C6-926D-AE668E5058A0}.Release|x64.ActiveCfg = Release|x64
		{FEECD0C3-6A90-43C6-926D-AE668E5058A0}.Release|x64.Build.0 = Release|x64
		{FEECD0C3-6A90-43C6-926D-AE668E5058A0}.Release|x86.ActiveCfg = Release|Win32
		{FEECD0C3-6A90-43C6-926D-AE668E5058A0}.Release|x86.Build.0 = Release|Win32
		{DECA401C-4174-4D3E-8016-3642AA8359B6}.Debug|x64.ActiveCfg = Debug|x64
		{DECA401C-4174-4D3E-8016-3642AA8359B6}.Debug|x64.Build.0 = Debug|x64
		{DECA401C-4174-4D3E-8016-3642AA8359B6}.Debug|x86.ActiveCfg = Debug|Win32
		{DECA401C-4174-4D3E-8016-3642AA8359B6}.Debug|x86.Build.0 = Debug|Win32
		{DECA401C-4174-4D3E-8016-3642AA8359B6}.Release|x64.ActiveCfg = Release|x64
		{DECA401C-4174-4D3E-8016-3642AA8359B6}.Release|x64.Build.0 = Release|x64
		{DECA401C-4174-4D3E-8016-3642AA8359B6}.Release|x86.ActiveCfg = Release|Win32
		{DECA401C-4174-4D3E-8016-3642AA8359B6}.Release|x86.Build.0 = Release|Win32
		{1E7B3616-14A6-447B-ADDB-2FD9900CF0B6}.Debug|x64.ActiveCfg = Debug|x64
		{1E7B3616-14A6-447B-ADDB-2FD9900CF0B6}.Debug|x64.Build.0 = Debug|x64
		{1E7B3616-14A6-447B-ADDB-2FD9900CF0B6}.Debug|x86.ActiveCfg = Debug|Win32
		{1E7B3616-14A6-447B-ADDB-2FD9900CF0B6}.Debug|x86.Build.0 = Debug|Win32
		{1E7B3616-14A6-447B-ADDB-2FD9900CF0B6}.Release|x64.ActiveCfg = Release|x64
		{1E7B3616-14A6-447B-ADDB-2FD9900CF0B6}.Release|x64.Build.0 = Release|x64
		{1E7B3616-14A6-447B-ADDB-2FD9900CF0B6}.Release|x86.ActiveCfg = Release|Win32
		{1E7B3616-14A6-447B-ADDB-2FD9900CF0B6}.Release|x86.Build.0 = Release|Win32
		{3B71DAB6-EA99-429D-868E-4C14B2B967B1}.Debug|x64.ActiveCfg = Debug|x64
		{3B71DAB6-EA99-429D-868E-4C14B2B967B1}.Debug|x64.Build.0 = Debug|x64
		{3B71DAB6-EA99-429D-868E-4C14B2B967B1}.Debug|x86.ActiveCfg = Debug|Win32
		{3B71DAB6-EA99-429D-868E-4C14B2B967B1}.Debug|x86.Build.0 = Debug|Win32
		{3B71DAB6-EA99-429D-868E-4C14B2B967B1}.Release|x64.ActiveCfg = Release|x64
		{3B71DAB6-EA99-429D-868E-4C14B2B967B1}.Release|x64.Build.0 = Release|x64
		{3B71DAB6-EA99-429D-868E-4C14B2B967B1}.Release|x86.ActiveCfg = Release|Win32
		{3B71DAB6-EA99-429D-868E-4C14B2B967B1}.Release|x86.Build.0 = Release|Win32
		{4DA92AB5-BD83-42F6-AA4A-A49D679C050A}.Debug|x64.ActiveCfg = Debug|x64
		{4DA92AB5-BD83-42F6-AA4A-A49D679C050A}.Debug|x64.Build.0 = Debug|x64
		{4DA92AB5-BD83-42F6-AA4A-A49D679C050A}.Debug|x86.ActiveCfg = Debug|Win32
		{4DA92AB5-BD83-42F6-AA4A-A49D679C050A}.Debug|x86.Build.0 = Debug|Win32
		{4DA92AB5-BD83-42F6-AA4A-A49D679C050A}.Release|x64.ActiveCfg = Release|x64
		{4DA92AB5-BD83-42F6-AA4A-A49D679C050A}.Release|x64.Build.0 = Release|x64
		{4DA92AB5-BD83-42F6-AA4A-A49D679C050A}.Release|x86.ActiveCfg = Release|Win32
		{4DA92AB5-BD83-42F6-AA4A-A49D679C050A}.Release|x86.Build.0 = Release|Win32
		{31D54AC7-543A-494B-81FB-2ECE8715DA83}.Debug|x64.ActiveCfg = Debug|x64
		{31D54AC7-543A-494B-81FB-2ECE8715DA83}.Debug|x64.Build.0 = Debug|x64
		{31D54AC7-543A-494B-81FB-2ECE8715DA83}.Debug|x86.ActiveCfg = Debug|Win32
		{31D54AC7-543A-494B-81FB-2ECE8715DA83}.Debug|x86.Build.0 = Debug|Win32
		{31D54AC7-543A-494B-81FB-2ECE8715DA83}.Release|x64.ActiveCfg = Release|x64
		{31D54AC7-543A-494B-81FB-2ECE8715DA83}.Release|x64.Build.0 = Release|x64
		{31D54AC7-543A-494B-81FB-2ECE8715DA83}.Release|x86.ActiveCfg = Release|Win32
		{31D54AC7-543A-494B-81FB-2ECE8715DA83}.Release|x86.Build.0 = Release|Win32
		{9DA309C3-B142-4484-BFE3-62DCB2FA4AC2}.Debug|x64.ActiveCfg = Debug|x64
		{9DA309C3-B142-4484-BFE3-62DCB2FA4AC2}.Debug|x64.Build.0 = Debug|x64
		{9DA309C3-B142-4484-BFE3-62DCB2FA4AC2}.Debug|x86.ActiveCfg = Debug|Win32
		{9DA309C3-B142-4484-BFE3-62DCB2FA4AC2}.Debug|x86.Build.0 = Debug|Win32
		{9DA309C3-B142-4484-BFE3-62DCB2FA4AC2}.Release|x64.ActiveCfg = Release|x64
		{9DA309C3-B142-4484-BFE3-62DCB2FA4AC2}.Release|x64.Build.0 = Release|x64
		{9DA309C3-B142-4484-BFE3-62DCB2FA4AC2}.Release|x86.ActiveCfg = Release|Win32
		{9DA309C3-B142-4484-BFE3-62DCB2FA4AC2}.Release|x86.Build.0 = Release|Win32
		{2D74D37B-36FC-4262-BE32-06CEE75C5C4D}.Debug|x64.ActiveCfg = Debug|x64
		{2D74D37B-36FC-4262-BE32-06CEE75C5C4D}.Debug|x64.Build.0 = Debug|x64
		{2D74D37B-36FC-4262-BE32-06CEE75C5C4D}.Debug|x86.ActiveCfg = Debug|Win32
		{2D74D37B-36FC-4262-BE32-06CEE75C5C4D}.Debug|x86.Build.0 = Debug|Win32
		{2D74D37B-36FC-4262-BE32-06CEE75C5C4D}.Release|x64.ActiveCfg = Release|x64
		{2D74D37B-36FC-4262-BE32-06CEE75C5C4D}.Release|x64.Build.0 = Release|x64
		{2D74D37B-36FC-4262-BE32-06CEE75C5C4D}.Release|x86.ActiveCfg = Release|Win32
		{2D74D37B-36FC-4262-BE32-06CEE75C5C4D}.Release|x86.Build.0 = Release|Win32
		{74DF2E32-5615-4433-B561-2D17129460CC}.Debug|x64.ActiveCfg = Debug|x64
		{74DF2E32-5615-4433-B561-2D17129460CC}.Debug|x64.Build.0 = Debug|x64
		{74DF2E32-5615-4433-B561-2D17129460CC}.Debug|x86.ActiveCfg = Debug|Win32
		{74DF2E32-5615-4433-B561-2D17129460CC}.Debug|x86.Build.0 = Debug|Win32
		{74DF2E32-5615-4433-B561-2D17129460CC}.Release|x64.ActiveCfg = Release|x64
		{74DF2E32-5615-4433-B561-2D17129460CC}.Release|x64.Build.0 = Release|x64
		{74DF2E32-5615-4433-B561-2D17129460CC}.Release|x86.ActiveCfg = Release|Win32
		{74DF2E32-5615-4433-B561-2D17129460CC}.Release|x86.Build.0 = Release|Win32
		{4608103C-540C-47D3-AACB-719DC4037472}.Debug|x64.ActiveCfg = Debug|x64
		{4608103C-540C-47D3-AACB-719DC4037472}.Debug|x64.Build.0 = Debug|x64
		{4608103C-540C-47D3-AACB-719DC4037472}.Debug|x86.ActiveCfg = Debug|Win32
		{4608103C-540C-47D3-AACB-719DC4037472}.Debug|x86.Build.0 = Debug|Win32
		{4608103C-540C-47D3-AACB-719DC4037472}.Release|x64.ActiveCfg = Release|x64
		{4608103C-540C-47D3-AACB-719DC4037472}.Release|x64.Build.0 = Release|x64
		{4608103C-540C-47D3-AACB-719DC4037472}.Release|x86.ActiveCfg = Release|Win32
		{4608103C-540C-47D3-AACB-719DC4037472}.Release|x86.Build.0 = Release|Win32
		{1C973693-52BF-47CA-BACD-BAF8E8E004E4}.Debug|x64.ActiveCfg = Debug|x64
		{1C973693-52BF-47CA-BACD-BAF8E8E004E4}.Debug|x64.Build.0 = Debug|x64
		{1C973693-52BF-47CA-BACD-BAF8E8E004E4}.Debug|x86.ActiveCfg = Debug|Win32
		{1C973693-52BF-47CA-BACD-BAF8E8E004E4}.Debug|x86.Build.0 = Debug|Win32
		{1C973693-52BF-47CA-BACD-BAF8E8E004E4}.Release|x64.ActiveCfg = Release|x64
		{1C973693-52BF-47CA-BACD-BAF8E8E004E4}.Release|x64.Build.0 = Release|x64
		{1C973693-52BF-47CA-BACD-BAF8E8E004E4}.Release|x86.ActiveCfg = Release|Win32
		{1C973693-52BF-47CA-BACD-BAF8E8E004E4}.Release|x86.Build.0 = Release|Win32
		{5573A164-2611-49C3-B2D3-6C510F2E8FC8}.Debug|x64.ActiveCfg = Debug|x64
		{5573A164-2611-49C3-B2D3-6C510F2E8FC8}.Debug|x64.Build.0 = Debug|x64
		{5573A164-2611-49C3-B2D3-6C510F2E8FC8}.Debug|x86.ActiveCfg = Debug|Win32
		{5573A164-2611-49C3-B2D3-6C510F2E8FC8}.Debug|x86.Build.0 = Debug|Win32
		{5573A164-2611-49C3-B2D3-6C510F2E8FC8}.Release|x64.ActiveCfg = Release|x64
		{5573A164-2611-49C3-B2D3-6C510F2E8FC8}.Release|x64.Build.0 = Release|x64
		{5573A164-2611-49C3-B2D3-6C510F2E8FC8}.Release|x86.ActiveCfg = Release|Win32
		{5573A164-2611-49C3-B2D3-6C510F2E8FC8}.Release|x86.Build.0 = Release|Win32
		{554C370E-CADC-4538-B636-ADFAB2161543}.Debug|x64.ActiveCfg = Debug|x64
		{554C370E-CADC-4538-B636-ADFAB2161543}.Debug|x64.Build.0 = Debug|x64
		{554C370E-CADC-4538-B636-ADFAB2161543}.Debug|x86.ActiveCfg = Debug|Win32
		{554C370E-CADC-4538-B636-ADFAB2161543}.Debug|x86.Build.0 = Debug|Win32
		{554C370E-CADC-4538-B636-ADFAB2161543}.Release|x64.ActiveCfg = Release|x64
		{554C370E-CADC-4538-B636-ADFAB2161543}.Release|x64.Build.0 = Release|x64
		{554C370E-CADC-4538-B636-ADFAB2161543}.Release|x86.ActiveCfg = Release|Win32
		{554C370E-CADC-4538-B636-ADFAB2161543}.Release|x86.Build.0 = Release|Win32
		{0C172921-7ADA-4782-B0B5-B4D1D8A555E4}.Debug|x64.ActiveCfg = Debug|x64
		{0C172921-7ADA-4782-B0B5-B4D1D8A555E4}.Debug|x64.Build.0 = Debug|x64
		{0C172921-7ADA-4782-B0B5-B4D1D8A555E4}.Debug|x86.ActiveCfg = Debug|Win32
		{0C172921-7ADA-4782-B0B5-B4D1D8A555E4}.Debug|x86.Build.0 = Debug|Win32
		{0C172921-7ADA-4782-B0B5-B4D1D8A555E4}.Release|x64.ActiveCfg = Release|x64
		{0C172921-7ADA-4782-B0B5-B4D1D8A555E4}.Release|x64.Build.0 = Release|x64
		{0C172921-7ADA-4782-B0B5-B4D1D8A555E4}.Release|x86.ActiveCfg = Release|Win32
		{0C172921-7ADA-4782-B0B5-B4D1D8A555E4}.Release|x86.Build.0 = Release|Win32
	EndGlobalSection
	GlobalSection(SolutionProperties) = preSolution
		HideSolutionNode = FALSE
	EndGlobalSection
	GlobalSection(ExtensibilityGlobals) = postSolution
		SolutionGuid = {EBF52519-055F-4A00-B63F-BF4729136480}
	EndGlobalSection
EndGlobal
