
Microsoft Visual Studio Solution File, Format Version 12.00
# Visual Studio 15
VisualStudioVersion = 15.0.26730.12
MinimumVisualStudioVersion = 10.0.40219.1
Project("{8BC9CEB8-8B4A-11D0-8D11-00A0C91BC942}") = "1.twosum", "LeetCode\LeetCode.vcxproj", "{ADCE9525-869C-4CA1-86A8-85D83E31ABE6}"
EndProject
Project("{8BC9CEB8-8B4A-11D0-8D11-00A0C91BC942}") = "2.addtwonumber", "2.addtwonumber\2.addtwonumber.vcxproj", "{82E84FF3-6CE5-4AB8-8CB0-38D35BF4D17C}"
EndProject
Project("{8BC9CEB8-8B4A-11D0-8D11-00A0C91BC942}") = "3Longest Substring Without Repeating Characters", "3Longest Substring Without Repeating Characters\3Longest Substring Without Repeating Characters.vcxproj", "{B48B566C-0F38-4E95-8459-27B0FEC724B2}"
EndProject
Project("{8BC9CEB8-8B4A-11D0-8D11-00A0C91BC942}") = "4. Median of Two Sorted Arrays", "4. Median of Two Sorted Arrays\4. Median of Two Sorted Arrays.vcxproj", "{D629EE4E-D77A-46CA-9CF0-1856A470679C}"
EndProject
Project("{8BC9CEB8-8B4A-11D0-8D11-00A0C91BC942}") = "350.Intersection of Two Arrays II", "350.Intersection of Two Arrays II\350.Intersection of Two Arrays II.vcxproj", "{82C4DF0D-3CA3-44EF-B744-CC91F65F6C18}"
EndProject
Project("{8BC9CEB8-8B4A-11D0-8D11-00A0C91BC942}") = "242.Valid Anagram", "Valid Anagram\Valid Anagram.vcxproj", "{CEFC0296-EAF4-4CB6-AA64-63913DB35871}"
EndProject
Project("{8BC9CEB8-8B4A-11D0-8D11-00A0C91BC942}") = "324.Wiggle Sort II", "324.Wiggle Sort II\324.Wiggle Sort II.vcxproj", "{376288DF-E1DC-4207-AAEF-294379ED1C32}"
EndProject
Project("{8BC9CEB8-8B4A-11D0-8D11-00A0C91BC942}") = "88.Merge Sorted Array", "88.Merge Sorted Array\88.Merge Sorted Array.vcxproj", "{D5089974-14B8-4821-99CA-159767B510AA}"
EndProject
Project("{8BC9CEB8-8B4A-11D0-8D11-00A0C91BC942}") = "56.Merge Intervals", "56.Merge Intervals\56.Merge Intervals.vcxproj", "{EDFBB735-89A9-4D29-8512-05DAAF5355F7}"
EndProject
Project("{8BC9CEB8-8B4A-11D0-8D11-00A0C91BC942}") = "717.1-bit and 2-bit Characters", "717.1-bit and 2-bit Characters\717.1-bit and 2-bit Characters.vcxproj", "{09602E09-3FE1-44C4-8F0E-524ADBD0DFA5}"
EndProject
Project("{8BC9CEB8-8B4A-11D0-8D11-00A0C91BC942}") = "274.H-Index", "274.H-Index\274.H-Index.vcxproj", "{40229868-D625-4B6B-99A4-F77B8673B90F}"
EndProject
Project("{8BC9CEB8-8B4A-11D0-8D11-00A0C91BC942}") = "303.Range Sum Query - Immutable", "303.Range Sum Query - Immutable\303.Range Sum Query - Immutable.vcxproj", "{45F2EE35-A371-4A1B-BF54-288E799EC747}"
EndProject
Project("{8BC9CEB8-8B4A-11D0-8D11-00A0C91BC942}") = "53. Maximum Subarray", "53. Maximum Subarray\53. Maximum Subarray.vcxproj", "{E7270907-083C-4E7B-9773-8F26D6EA7778}"
EndProject
Project("{8BC9CEB8-8B4A-11D0-8D11-00A0C91BC942}") = "524.Longest Word in Dictionary through Deleting", "524.Longest Word in Dictionary through Deleting\524.Longest Word in Dictionary through Deleting.vcxproj", "{40B9C46A-128D-401F-AD7A-F42F57EF775C}"
EndProject
Project("{8BC9CEB8-8B4A-11D0-8D11-00A0C91BC942}") = "198.House Robber", "198.House Robber\198.House Robber.vcxproj", "{0D7E6C59-065E-46CD-A3DD-EB5CF9431AAB}"
EndProject
Global
	GlobalSection(SolutionConfigurationPlatforms) = preSolution
		Debug|x64 = Debug|x64
		Debug|x86 = Debug|x86
		Release|x64 = Release|x64
		Release|x86 = Release|x86
	EndGlobalSection
	GlobalSection(ProjectConfigurationPlatforms) = postSolution
		{ADCE9525-869C-4CA1-86A8-85D83E31ABE6}.Debug|x64.ActiveCfg = Debug|x64
		{ADCE9525-869C-4CA1-86A8-85D83E31ABE6}.Debug|x64.Build.0 = Debug|x64
		{ADCE9525-869C-4CA1-86A8-85D83E31ABE6}.Debug|x86.ActiveCfg = Debug|Win32
		{ADCE9525-869C-4CA1-86A8-85D83E31ABE6}.Debug|x86.Build.0 = Debug|Win32
		{ADCE9525-869C-4CA1-86A8-85D83E31ABE6}.Release|x64.ActiveCfg = Release|x64
		{ADCE9525-869C-4CA1-86A8-85D83E31ABE6}.Release|x64.Build.0 = Release|x64
		{ADCE9525-869C-4CA1-86A8-85D83E31ABE6}.Release|x86.ActiveCfg = Release|Win32
		{ADCE9525-869C-4CA1-86A8-85D83E31ABE6}.Release|x86.Build.0 = Release|Win32
		{82E84FF3-6CE5-4AB8-8CB0-38D35BF4D17C}.Debug|x64.ActiveCfg = Debug|x64
		{82E84FF3-6CE5-4AB8-8CB0-38D35BF4D17C}.Debug|x64.Build.0 = Debug|x64
		{82E84FF3-6CE5-4AB8-8CB0-38D35BF4D17C}.Debug|x86.ActiveCfg = Debug|Win32
		{82E84FF3-6CE5-4AB8-8CB0-38D35BF4D17C}.Debug|x86.Build.0 = Debug|Win32
		{82E84FF3-6CE5-4AB8-8CB0-38D35BF4D17C}.Release|x64.ActiveCfg = Release|x64
		{82E84FF3-6CE5-4AB8-8CB0-38D35BF4D17C}.Release|x64.Build.0 = Release|x64
		{82E84FF3-6CE5-4AB8-8CB0-38D35BF4D17C}.Release|x86.ActiveCfg = Release|Win32
		{82E84FF3-6CE5-4AB8-8CB0-38D35BF4D17C}.Release|x86.Build.0 = Release|Win32
		{B48B566C-0F38-4E95-8459-27B0FEC724B2}.Debug|x64.ActiveCfg = Debug|x64
		{B48B566C-0F38-4E95-8459-27B0FEC724B2}.Debug|x64.Build.0 = Debug|x64
		{B48B566C-0F38-4E95-8459-27B0FEC724B2}.Debug|x86.ActiveCfg = Debug|Win32
		{B48B566C-0F38-4E95-8459-27B0FEC724B2}.Debug|x86.Build.0 = Debug|Win32
		{B48B566C-0F38-4E95-8459-27B0FEC724B2}.Release|x64.ActiveCfg = Release|x64
		{B48B566C-0F38-4E95-8459-27B0FEC724B2}.Release|x64.Build.0 = Release|x64
		{B48B566C-0F38-4E95-8459-27B0FEC724B2}.Release|x86.ActiveCfg = Release|Win32
		{B48B566C-0F38-4E95-8459-27B0FEC724B2}.Release|x86.Build.0 = Release|Win32
		{D629EE4E-D77A-46CA-9CF0-1856A470679C}.Debug|x64.ActiveCfg = Debug|x64
		{D629EE4E-D77A-46CA-9CF0-1856A470679C}.Debug|x64.Build.0 = Debug|x64
		{D629EE4E-D77A-46CA-9CF0-1856A470679C}.Debug|x86.ActiveCfg = Debug|Win32
		{D629EE4E-D77A-46CA-9CF0-1856A470679C}.Debug|x86.Build.0 = Debug|Win32
		{D629EE4E-D77A-46CA-9CF0-1856A470679C}.Release|x64.ActiveCfg = Release|x64
		{D629EE4E-D77A-46CA-9CF0-1856A470679C}.Release|x64.Build.0 = Release|x64
		{D629EE4E-D77A-46CA-9CF0-1856A470679C}.Release|x86.ActiveCfg = Release|Win32
		{D629EE4E-D77A-46CA-9CF0-1856A470679C}.Release|x86.Build.0 = Release|Win32
		{82C4DF0D-3CA3-44EF-B744-CC91F65F6C18}.Debug|x64.ActiveCfg = Debug|x64
		{82C4DF0D-3CA3-44EF-B744-CC91F65F6C18}.Debug|x64.Build.0 = Debug|x64
		{82C4DF0D-3CA3-44EF-B744-CC91F65F6C18}.Debug|x86.ActiveCfg = Debug|Win32
		{82C4DF0D-3CA3-44EF-B744-CC91F65F6C18}.Debug|x86.Build.0 = Debug|Win32
		{82C4DF0D-3CA3-44EF-B744-CC91F65F6C18}.Release|x64.ActiveCfg = Release|x64
		{82C4DF0D-3CA3-44EF-B744-CC91F65F6C18}.Release|x64.Build.0 = Release|x64
		{82C4DF0D-3CA3-44EF-B744-CC91F65F6C18}.Release|x86.ActiveCfg = Release|Win32
		{82C4DF0D-3CA3-44EF-B744-CC91F65F6C18}.Release|x86.Build.0 = Release|Win32
		{CEFC0296-EAF4-4CB6-AA64-63913DB35871}.Debug|x64.ActiveCfg = Debug|x64
		{CEFC0296-EAF4-4CB6-AA64-63913DB35871}.Debug|x64.Build.0 = Debug|x64
		{CEFC0296-EAF4-4CB6-AA64-63913DB35871}.Debug|x86.ActiveCfg = Debug|Win32
		{CEFC0296-EAF4-4CB6-AA64-63913DB35871}.Debug|x86.Build.0 = Debug|Win32
		{CEFC0296-EAF4-4CB6-AA64-63913DB35871}.Release|x64.ActiveCfg = Release|x64
		{CEFC0296-EAF4-4CB6-AA64-63913DB35871}.Release|x64.Build.0 = Release|x64
		{CEFC0296-EAF4-4CB6-AA64-63913DB35871}.Release|x86.ActiveCfg = Release|Win32
		{CEFC0296-EAF4-4CB6-AA64-63913DB35871}.Release|x86.Build.0 = Release|Win32
		{376288DF-E1DC-4207-AAEF-294379ED1C32}.Debug|x64.ActiveCfg = Debug|x64
		{376288DF-E1DC-4207-AAEF-294379ED1C32}.Debug|x64.Build.0 = Debug|x64
		{376288DF-E1DC-4207-AAEF-294379ED1C32}.Debug|x86.ActiveCfg = Debug|Win32
		{376288DF-E1DC-4207-AAEF-294379ED1C32}.Debug|x86.Build.0 = Debug|Win32
		{376288DF-E1DC-4207-AAEF-294379ED1C32}.Release|x64.ActiveCfg = Release|x64
		{376288DF-E1DC-4207-AAEF-294379ED1C32}.Release|x64.Build.0 = Release|x64
		{376288DF-E1DC-4207-AAEF-294379ED1C32}.Release|x86.ActiveCfg = Release|Win32
		{376288DF-E1DC-4207-AAEF-294379ED1C32}.Release|x86.Build.0 = Release|Win32
		{D5089974-14B8-4821-99CA-159767B510AA}.Debug|x64.ActiveCfg = Debug|x64
		{D5089974-14B8-4821-99CA-159767B510AA}.Debug|x64.Build.0 = Debug|x64
		{D5089974-14B8-4821-99CA-159767B510AA}.Debug|x86.ActiveCfg = Debug|Win32
		{D5089974-14B8-4821-99CA-159767B510AA}.Debug|x86.Build.0 = Debug|Win32
		{D5089974-14B8-4821-99CA-159767B510AA}.Release|x64.ActiveCfg = Release|x64
		{D5089974-14B8-4821-99CA-159767B510AA}.Release|x64.Build.0 = Release|x64
		{D5089974-14B8-4821-99CA-159767B510AA}.Release|x86.ActiveCfg = Release|Win32
		{D5089974-14B8-4821-99CA-159767B510AA}.Release|x86.Build.0 = Release|Win32
		{EDFBB735-89A9-4D29-8512-05DAAF5355F7}.Debug|x64.ActiveCfg = Debug|x64
		{EDFBB735-89A9-4D29-8512-05DAAF5355F7}.Debug|x64.Build.0 = Debug|x64
		{EDFBB735-89A9-4D29-8512-05DAAF5355F7}.Debug|x86.ActiveCfg = Debug|Win32
		{EDFBB735-89A9-4D29-8512-05DAAF5355F7}.Debug|x86.Build.0 = Debug|Win32
		{EDFBB735-89A9-4D29-8512-05DAAF5355F7}.Release|x64.ActiveCfg = Release|x64
		{EDFBB735-89A9-4D29-8512-05DAAF5355F7}.Release|x64.Build.0 = Release|x64
		{EDFBB735-89A9-4D29-8512-05DAAF5355F7}.Release|x86.ActiveCfg = Release|Win32
		{EDFBB735-89A9-4D29-8512-05DAAF5355F7}.Release|x86.Build.0 = Release|Win32
		{09602E09-3FE1-44C4-8F0E-524ADBD0DFA5}.Debug|x64.ActiveCfg = Debug|x64
		{09602E09-3FE1-44C4-8F0E-524ADBD0DFA5}.Debug|x64.Build.0 = Debug|x64
		{09602E09-3FE1-44C4-8F0E-524ADBD0DFA5}.Debug|x86.ActiveCfg = Debug|Win32
		{09602E09-3FE1-44C4-8F0E-524ADBD0DFA5}.Debug|x86.Build.0 = Debug|Win32
		{09602E09-3FE1-44C4-8F0E-524ADBD0DFA5}.Release|x64.ActiveCfg = Release|x64
		{09602E09-3FE1-44C4-8F0E-524ADBD0DFA5}.Release|x64.Build.0 = Release|x64
		{09602E09-3FE1-44C4-8F0E-524ADBD0DFA5}.Release|x86.ActiveCfg = Release|Win32
		{09602E09-3FE1-44C4-8F0E-524ADBD0DFA5}.Release|x86.Build.0 = Release|Win32
		{40229868-D625-4B6B-99A4-F77B8673B90F}.Debug|x64.ActiveCfg = Debug|x64
		{40229868-D625-4B6B-99A4-F77B8673B90F}.Debug|x64.Build.0 = Debug|x64
		{40229868-D625-4B6B-99A4-F77B8673B90F}.Debug|x86.ActiveCfg = Debug|Win32
		{40229868-D625-4B6B-99A4-F77B8673B90F}.Debug|x86.Build.0 = Debug|Win32
		{40229868-D625-4B6B-99A4-F77B8673B90F}.Release|x64.ActiveCfg = Release|x64
		{40229868-D625-4B6B-99A4-F77B8673B90F}.Release|x64.Build.0 = Release|x64
		{40229868-D625-4B6B-99A4-F77B8673B90F}.Release|x86.ActiveCfg = Release|Win32
		{40229868-D625-4B6B-99A4-F77B8673B90F}.Release|x86.Build.0 = Release|Win32
		{45F2EE35-A371-4A1B-BF54-288E799EC747}.Debug|x64.ActiveCfg = Debug|x64
		{45F2EE35-A371-4A1B-BF54-288E799EC747}.Debug|x64.Build.0 = Debug|x64
		{45F2EE35-A371-4A1B-BF54-288E799EC747}.Debug|x86.ActiveCfg = Debug|Win32
		{45F2EE35-A371-4A1B-BF54-288E799EC747}.Debug|x86.Build.0 = Debug|Win32
		{45F2EE35-A371-4A1B-BF54-288E799EC747}.Release|x64.ActiveCfg = Release|x64
		{45F2EE35-A371-4A1B-BF54-288E799EC747}.Release|x64.Build.0 = Release|x64
		{45F2EE35-A371-4A1B-BF54-288E799EC747}.Release|x86.ActiveCfg = Release|Win32
		{45F2EE35-A371-4A1B-BF54-288E799EC747}.Release|x86.Build.0 = Release|Win32
		{E7270907-083C-4E7B-9773-8F26D6EA7778}.Debug|x64.ActiveCfg = Debug|x64
		{E7270907-083C-4E7B-9773-8F26D6EA7778}.Debug|x64.Build.0 = Debug|x64
		{E7270907-083C-4E7B-9773-8F26D6EA7778}.Debug|x86.ActiveCfg = Debug|Win32
		{E7270907-083C-4E7B-9773-8F26D6EA7778}.Debug|x86.Build.0 = Debug|Win32
		{E7270907-083C-4E7B-9773-8F26D6EA7778}.Release|x64.ActiveCfg = Release|x64
		{E7270907-083C-4E7B-9773-8F26D6EA7778}.Release|x64.Build.0 = Release|x64
		{E7270907-083C-4E7B-9773-8F26D6EA7778}.Release|x86.ActiveCfg = Release|Win32
		{E7270907-083C-4E7B-9773-8F26D6EA7778}.Release|x86.Build.0 = Release|Win32
		{40B9C46A-128D-401F-AD7A-F42F57EF775C}.Debug|x64.ActiveCfg = Debug|x64
		{40B9C46A-128D-401F-AD7A-F42F57EF775C}.Debug|x64.Build.0 = Debug|x64
		{40B9C46A-128D-401F-AD7A-F42F57EF775C}.Debug|x86.ActiveCfg = Debug|Win32
		{40B9C46A-128D-401F-AD7A-F42F57EF775C}.Debug|x86.Build.0 = Debug|Win32
		{40B9C46A-128D-401F-AD7A-F42F57EF775C}.Release|x64.ActiveCfg = Release|x64
		{40B9C46A-128D-401F-AD7A-F42F57EF775C}.Release|x64.Build.0 = Release|x64
		{40B9C46A-128D-401F-AD7A-F42F57EF775C}.Release|x86.ActiveCfg = Release|Win32
		{40B9C46A-128D-401F-AD7A-F42F57EF775C}.Release|x86.Build.0 = Release|Win32
		{0D7E6C59-065E-46CD-A3DD-EB5CF9431AAB}.Debug|x64.ActiveCfg = Debug|x64
		{0D7E6C59-065E-46CD-A3DD-EB5CF9431AAB}.Debug|x64.Build.0 = Debug|x64
		{0D7E6C59-065E-46CD-A3DD-EB5CF9431AAB}.Debug|x86.ActiveCfg = Debug|Win32
		{0D7E6C59-065E-46CD-A3DD-EB5CF9431AAB}.Debug|x86.Build.0 = Debug|Win32
		{0D7E6C59-065E-46CD-A3DD-EB5CF9431AAB}.Release|x64.ActiveCfg = Release|x64
		{0D7E6C59-065E-46CD-A3DD-EB5CF9431AAB}.Release|x64.Build.0 = Release|x64
		{0D7E6C59-065E-46CD-A3DD-EB5CF9431AAB}.Release|x86.ActiveCfg = Release|Win32
		{0D7E6C59-065E-46CD-A3DD-EB5CF9431AAB}.Release|x86.Build.0 = Release|Win32
	EndGlobalSection
	GlobalSection(SolutionProperties) = preSolution
		HideSolutionNode = FALSE
	EndGlobalSection
	GlobalSection(ExtensibilityGlobals) = postSolution
		SolutionGuid = {EBF52519-055F-4A00-B63F-BF4729136480}
	EndGlobalSection
EndGlobal
